// !$*UTF8*$!
{
  archiveVersion = 1;
  classes = {
  };
  objectVersion = 52;
  objects = {

    /* Begin PBXBuildFile section */
    1D6058900D05DD3D006BFB54 /* main.m in Sources */ = {isa = PBXBuildFile; fileRef = 1D6058910D05DD3D006BFB54 /* main.m */; };
    /* End PBXBuildFile section */

    /* Begin PBXFileReference section */
    1D6058910D05DD3D006BFB54 /* main.m */ = {isa = PBXFileReference; lastKnownFileType = sourcecode.c.objc; path = main.m; sourceTree = "<group>"; };
    1D6058920D05DD3D006BFB54 /* Runner.app */ = {isa = PBXFileReference; explicitFileType = wrapper.application; path = Runner.app; sourceTree = BUILT_PRODUCTS_DIR; };
    /* End PBXFileReference section */

    /* Begin PBXGroup section */
    1D6058930D05DD3D006BFB54 = {
      isa = PBXGroup;
      children = (
        1D6058910D05DD3D006BFB54 /* main.m */,
      );
      path = "";
      sourceTree = "<group>";
    };
    /* End PBXGroup section */

    /* Begin PBXNativeTarget section */
    1D6058940D05DD3D006BFB54 /* Runner */ = {
      isa = PBXNativeTarget;
      buildConfigurationList = 1D6058950D05DD3D006BFB54;
      buildPhases = (
      );
      buildRules = (
      );
      dependencies = (
      );
      name = Runner;
      productName = Runner;
      productReference = 1D6058920D05DD3D006BFB54 /* Runner.app */;
      productType = "com.apple.product-type.application";
    };
    /* End PBXNativeTarget section */

    /* Begin PBXProject section */
    1D6058960D05DD3D006BFB54 /* Project object */ = {
      isa = PBXProject;
      buildConfigurationList = 1D6058970D05DD3D006BFB54;
      compatibilityVersion = "Xcode 12.0";
      developmentRegion = en;
      hasScannedForEncodings = 0;
      knownRegions = (
        en,
      );
      mainGroup = 1D6058930D05DD3D006BFB54;
      productRefGroup = 1D6058930D05DD3D006BFB54;
      projectDirPath = "";
      projectRoot = "";
      targets = (
        1D6058940D05DD3D006BFB54 /* Runner */,
      );
    };
    /* End PBXProject section */

    /* Begin XCBuildConfiguration section */
    1D6058980D05DD3D006BFB54 /* Debug */ = {
      isa = XCBuildConfiguration;
      buildSettings = {
        PRODUCT_NAME = "$(TARGET_NAME)";
      };
      name = Debug;
    };
    1D6058990D05DD3D006BFB54 /* Release */ = {
      isa = XCBuildConfiguration;
      buildSettings = {
        PRODUCT_NAME = "$(TARGET_NAME)";
      };
      name = Release;
    };
    /* End XCBuildConfiguration section */

    /* Begin XCConfigurationList section */
    1D6058950D05DD3D006BFB54 = {
      isa = XCConfigurationList;
      buildConfigurations = (
        1D6058980D05DD3D006BFB54 /* Debug */,
        1D6058990D05DD3D006BFB54 /* Release */,
      );
      defaultConfigurationIsVisible = 0;
      defaultConfigurationName = Release;
    };
    1D6058970D05DD3D006BFB54 = {
      isa = XCConfigurationList;
      buildConfigurations = (
        1D6058980D05DD3D006BFB54 /* Debug */,
        1D6058990D05DD3D006BFB54 /* Release */,
      );
      defaultConfigurationIsVisible = 0;
      defaultConfigurationName = Release;
    };
    /* End XCConfigurationList section */
  };
  rootObject = 1D6058960D05DD3D006BFB54 /* Project object */;
}


