// !$*UTF8*$!
{
  archiveVersion = 1;
  classes = {};
  objectVersion = 50;
  objects = {

/* Begin PBXBuildFile section */
    1D6058910D05DD3E006BFB54 /* main.m in Sources */ = {isa = PBXBuildFile; fileRef = 1D60588D0D05DD3D006BFB54 /* main.m */; };
    13B07F961A680F5B00A75B9A /* AppDelegate.swift in Sources */ = {isa = PBXBuildFile; fileRef = 13B07F951A680F5B00A75B9A /* AppDelegate.swift */; };
    13B07FA11A68108700A75B9A /* Main.storyboard in Resources */ = {isa = PBXBuildFile; fileRef = 13B07FA01A68108700A75B9A /* Main.storyboard */; };
/* End PBXBuildFile section */

/* Begin PBXFileReference section */
    1D60588D0D05DD3D006BFB54 /* main.m */ = {isa = PBXFileReference; lastKnownFileType = sourcecode.c.objc; path = main.m; sourceTree = "<group>"; };
    13B07F951A680F5B00A75B9A /* AppDelegate.swift */ = {isa = PBXFileReference; lastKnownFileType = sourcecode.swift; path = AppDelegate.swift; sourceTree = "<group>"; };
    13B07FA01A68108700A75B9A /* Main.storyboard */ = {isa = PBXFileReference; lastKnownFileType = file.storyboard; path = Main.storyboard; sourceTree = "<group>"; };
    13B07F961A680F5B00A75B9A /* Runner.app */ = {isa = PBXFileReference; explicitFileType = wrapper.application; path = Runner.app; sourceTree = BUILT_PRODUCTS_DIR; };
/* End PBXFileReference section */

/* Begin PBXGroup section */
    1D60588B0D05DD3D006BFB54 = {
      isa = PBXGroup;
      children = (
        1D60588D0D05DD3D006BFB54 /* main.m */,
        13B07F951A680F5B00A75B9A /* AppDelegate.swift */,
        13B07FA01A68108700A75B9A /* Main.storyboard */,
      );
      path = Runner;
      sourceTree = "<group>";
    };
/* End PBXGroup section */

/* Begin PBXNativeTarget section */
    1D6058900D05DD3D006BFB54 /* Runner */ = {
      isa = PBXNativeTarget;
      buildConfigurationList = 1D6058990D05DD3F006BFB54 /* Build configuration list */;
      buildPhases = (
      );
      buildRules = ( );
      dependencies = ( );
      name = Runner;
      productName = Runner;
      productReference = 13B07F961A680F5B00A75B9A /* Runner.app */;
      productType = "com.apple.product-type.application";
    };
/* End PBXNativeTarget section */

/* Begin XCConfigurationList section */
    1D6058990D05DD3F006BFB54 /* Build configuration list */ = {
      isa = XCConfigurationList;
      buildConfigurations = ( );
      defaultConfigurationIsVisible = 0;
      defaultConfigurationName = Release;
    };
/* End XCConfigurationList section */

  };
  rootObject = 1D60588A0D05DD3D006BFB54 /* Project object */;
}
